
Microsoft Visual Studio Solution File, Format Version 12.00
# Visual Studio 15
VisualStudioVersion = 15.0.28307.329
MinimumVisualStudioVersion = 10.0.40219.1
Project("{FAE04EC0-301F-11D3-BF4B-00C04F79EFBC}") = "Origins_website_ASP", "Origins_website_ASP\Origins_website_ASP.csproj", "{DE881E8D-0CE8-4188-B858-AD3FA1ABCEB5}"
EndProject
Project("{FAE04EC0-301F-11D3-BF4B-00C04F79EFBC}") = "Origins_website_ASP.Tests", "Origins_website_ASP.Tests\Origins_website_ASP.Tests.csproj", "{76F9709E-336C-4FEC-9851-1B6945BA5294}"
EndProject
Global
	GlobalSection(SolutionConfigurationPlatforms) = preSolution
		Debug|Any CPU = Debug|Any CPU
		Release|Any CPU = Release|Any CPU
	EndGlobalSection
	GlobalSection(ProjectConfigurationPlatforms) = postSolution
		{DE881E8D-0CE8-4188-B858-AD3FA1ABCEB5}.Debug|Any CPU.ActiveCfg = Debug|Any CPU
		{DE881E8D-0CE8-4188-B858-AD3FA1ABCEB5}.Debug|Any CPU.Build.0 = Debug|Any CPU
		{DE881E8D-0CE8-4188-B858-AD3FA1ABCEB5}.Release|Any CPU.ActiveCfg = Release|Any CPU
		{DE881E8D-0CE8-4188-B858-AD3FA1ABCEB5}.Release|Any CPU.Build.0 = Release|Any CPU
		{76F9709E-336C-4FEC-9851-1B6945BA5294}.Debug|Any CPU.ActiveCfg = Debug|Any CPU
		{76F9709E-336C-4FEC-9851-1B6945BA5294}.Debug|Any CPU.Build.0 = Debug|Any CPU
		{76F9709E-336C-4FEC-9851-1B6945BA5294}.Release|Any CPU.ActiveCfg = Release|Any CPU
		{76F9709E-336C-4FEC-9851-1B6945BA5294}.Release|Any CPU.Build.0 = Release|Any CPU
	EndGlobalSection
	GlobalSection(SolutionProperties) = preSolution
		HideSolutionNode = FALSE
	EndGlobalSection
	GlobalSection(ExtensibilityGlobals) = postSolution
		SolutionGuid = {74D09DC4-5785-4415-BC78-51B8EA174569}
	EndGlobalSection
EndGlobal
